
Microsoft Visual Studio Solution File, Format Version 12.00
# Visual Studio 15
VisualStudioVersion = 15.0.27428.2027
MinimumVisualStudioVersion = 10.0.40219.1
Project("{FAE04EC0-301F-11D3-BF4B-00C04F79EFBC}") = "MessengerClient", "MessengerClient\MessengerClient.csproj", "{566F7399-2C99-429A-ABF8-A09D44A73B7B}"
	ProjectSection(ProjectDependencies) = postProject
		{1CE7F79B-3180-44C0-AAA6-FB74830FBD97} = {1CE7F79B-3180-44C0-AAA6-FB74830FBD97}
	EndProjectSection
EndProject
Project("{FAE04EC0-301F-11D3-BF4B-00C04F79EFBC}") = "MessengerService", "MessengerService\MessengerService.csproj", "{1CE7F79B-3180-44C0-AAA6-FB74830FBD97}"
EndProject
Project("{FAE04EC0-301F-11D3-BF4B-00C04F79EFBC}") = "MessengerServiceHost", "MessengerServiceHost\MessengerServiceHost.csproj", "{6EBDB1EE-14B3-4C04-8388-A418F1B3D8BF}"
EndProject
Global
	GlobalSection(SolutionConfigurationPlatforms) = preSolution
		Debug|Any CPU = Debug|Any CPU
		Release|Any CPU = Release|Any CPU
	EndGlobalSection
	GlobalSection(ProjectConfigurationPlatforms) = postSolution
		{566F7399-2C99-429A-ABF8-A09D44A73B7B}.Debug|Any CPU.ActiveCfg = Debug|Any CPU
		{566F7399-2C99-429A-ABF8-A09D44A73B7B}.Debug|Any CPU.Build.0 = Debug|Any CPU
		{566F7399-2C99-429A-ABF8-A09D44A73B7B}.Release|Any CPU.ActiveCfg = Release|Any CPU
		{566F7399-2C99-429A-ABF8-A09D44A73B7B}.Release|Any CPU.Build.0 = Release|Any CPU
		{1CE7F79B-3180-44C0-AAA6-FB74830FBD97}.Debug|Any CPU.ActiveCfg = Debug|Any CPU
		{1CE7F79B-3180-44C0-AAA6-FB74830FBD97}.Debug|Any CPU.Build.0 = Debug|Any CPU
		{1CE7F79B-3180-44C0-AAA6-FB74830FBD97}.Release|Any CPU.ActiveCfg = Release|Any CPU
		{1CE7F79B-3180-44C0-AAA6-FB74830FBD97}.Release|Any CPU.Build.0 = Release|Any CPU
		{6EBDB1EE-14B3-4C04-8388-A418F1B3D8BF}.Debug|Any CPU.ActiveCfg = Debug|Any CPU
		{6EBDB1EE-14B3-4C04-8388-A418F1B3D8BF}.Debug|Any CPU.Build.0 = Debug|Any CPU
		{6EBDB1EE-14B3-4C04-8388-A418F1B3D8BF}.Release|Any CPU.ActiveCfg = Release|Any CPU
		{6EBDB1EE-14B3-4C04-8388-A418F1B3D8BF}.Release|Any CPU.Build.0 = Release|Any CPU
	EndGlobalSection
	GlobalSection(SolutionProperties) = preSolution
		HideSolutionNode = FALSE
	EndGlobalSection
	GlobalSection(ExtensibilityGlobals) = postSolution
		SolutionGuid = {0E248EF2-7315-48C3-BD48-C8695D6EF7F0}
	EndGlobalSection
EndGlobal
